
Microsoft Visual Studio Solution File, Format Version 12.00
# Visual Studio Version 17
VisualStudioVersion = 17.14.35821.62
MinimumVisualStudioVersion = 10.0.40219.1
Project("{FAE04EC0-301F-11D3-BF4B-00C04F79EFBC}") = "PaymentManagment", "PaymentManagment\PaymentManagment.csproj", "{B729632D-87F2-4744-91D5-D0FAFF72C963}"
EndProject
Global
	GlobalSection(SolutionConfigurationPlatforms) = preSolution
		Debug|Any CPU = Debug|Any CPU
		Release|Any CPU = Release|Any CPU
	EndGlobalSection
	GlobalSection(ProjectConfigurationPlatforms) = postSolution
		{B729632D-87F2-4744-91D5-D0FAFF72C963}.Debug|Any CPU.ActiveCfg = Debug|Any CPU
		{B729632D-87F2-4744-91D5-D0FAFF72C963}.Debug|Any CPU.Build.0 = Debug|Any CPU
		{B729632D-87F2-4744-91D5-D0FAFF72C963}.Release|Any CPU.ActiveCfg = Release|Any CPU
		{B729632D-87F2-4744-91D5-D0FAFF72C963}.Release|Any CPU.Build.0 = Release|Any CPU
	EndGlobalSection
	GlobalSection(SolutionProperties) = preSolution
		HideSolutionNode = FALSE
	EndGlobalSection
	GlobalSection(ExtensibilityGlobals) = postSolution
		SolutionGuid = {C48F76E6-4FF6-4F1B-9DFF-42B00E573DDB}
	EndGlobalSection
EndGlobal
